// !$*UTF8*$!
{
	archiveVersion = 1;
	classes = {
	};
	objectVersion = 56;
	objects = {

/* Begin PBXBuildFile section */
		D0124AA72A012EFC00D2E725 /* PinData.swift in Sources */ = {isa = PBXBuildFile; fileRef = D0124AA62A012EFC00D2E725 /* PinData.swift */; };
		D0124AA92A012F7B00D2E725 /* Person.swift in Sources */ = {isa = PBXBuildFile; fileRef = D0124AA82A012F7B00D2E725 /* Person.swift */; };
		D0124AAC2A01300900D2E725 /* MapViewModel.swift in Sources */ = {isa = PBXBuildFile; fileRef = D0124AAB2A01300900D2E725 /* MapViewModel.swift */; };
		D0124AAE2A02445A00D2E725 /* TabBarController.swift in Sources */ = {isa = PBXBuildFile; fileRef = D0124AAD2A02445A00D2E725 /* TabBarController.swift */; };
		D027BBCE29E93764005572C2 /* AppDelegate.swift in Sources */ = {isa = PBXBuildFile; fileRef = D027BBCD29E93764005572C2 /* AppDelegate.swift */; };
		D027BBD029E93764005572C2 /* SceneDelegate.swift in Sources */ = {isa = PBXBuildFile; fileRef = D027BBCF29E93764005572C2 /* SceneDelegate.swift */; };
		D027BBD229E93764005572C2 /* ProfileViewController.swift in Sources */ = {isa = PBXBuildFile; fileRef = D027BBD129E93764005572C2 /* ProfileViewController.swift */; };
		D027BBD529E93764005572C2 /* Main.storyboard in Resources */ = {isa = PBXBuildFile; fileRef = D027BBD329E93764005572C2 /* Main.storyboard */; };
		D027BBD729E93765005572C2 /* Assets.xcassets in Resources */ = {isa = PBXBuildFile; fileRef = D027BBD629E93765005572C2 /* Assets.xcassets */; };
		D027BBDA29E93765005572C2 /* LaunchScreen.storyboard in Resources */ = {isa = PBXBuildFile; fileRef = D027BBD829E93765005572C2 /* LaunchScreen.storyboard */; };
		D027BBE229EA069D005572C2 /* MapViewController.swift in Sources */ = {isa = PBXBuildFile; fileRef = D027BBE129EA069D005572C2 /* MapViewController.swift */; };
		D027BBE429EA08FD005572C2 /* DetailsViewController.swift in Sources */ = {isa = PBXBuildFile; fileRef = D027BBE329EA08FD005572C2 /* DetailsViewController.swift */; };
		D07B3BE72A2A60E100C7E21D /* NetworkService.swift in Sources */ = {isa = PBXBuildFile; fileRef = D07B3BE62A2A60E100C7E21D /* NetworkService.swift */; };
		D07B3BED2A2A68E500C7E21D /* ObservableObject.swift in Sources */ = {isa = PBXBuildFile; fileRef = D07B3BEC2A2A68E500C7E21D /* ObservableObject.swift */; };
		D093821D2A25C2FB003CAFCA /* CurrentUser.swift in Sources */ = {isa = PBXBuildFile; fileRef = D093821C2A25C2FB003CAFCA /* CurrentUser.swift */; };
		D0A3B8C02A2C63E700415023 /* GoogleService-Info.plist in Resources */ = {isa = PBXBuildFile; fileRef = D0A3B8BF2A2C63E700415023 /* GoogleService-Info.plist */; };
		D0A3B8C32A2C653B00415023 /* FirebaseAuth in Frameworks */ = {isa = PBXBuildFile; productRef = D0A3B8C22A2C653B00415023 /* FirebaseAuth */; };
		D0A3B8C52A2C653B00415023 /* FirebaseFirestore in Frameworks */ = {isa = PBXBuildFile; productRef = D0A3B8C42A2C653B00415023 /* FirebaseFirestore */; };
/* End PBXBuildFile section */

/* Begin PBXFileReference section */
		D0124AA62A012EFC00D2E725 /* PinData.swift */ = {isa = PBXFileReference; lastKnownFileType = sourcecode.swift; path = PinData.swift; sourceTree = "<group>"; };
		D0124AA82A012F7B00D2E725 /* Person.swift */ = {isa = PBXFileReference; lastKnownFileType = sourcecode.swift; path = Person.swift; sourceTree = "<group>"; };
		D0124AAB2A01300900D2E725 /* MapViewModel.swift */ = {isa = PBXFileReference; lastKnownFileType = sourcecode.swift; path = MapViewModel.swift; sourceTree = "<group>"; };
		D0124AAD2A02445A00D2E725 /* TabBarController.swift */ = {isa = PBXFileReference; lastKnownFileType = sourcecode.swift; path = TabBarController.swift; sourceTree = "<group>"; };
		D027BBCA29E93764005572C2 /* WhatYouNeed.app */ = {isa = PBXFileReference; explicitFileType = wrapper.application; includeInIndex = 0; path = WhatYouNeed.app; sourceTree = BUILT_PRODUCTS_DIR; };
		D027BBCD29E93764005572C2 /* AppDelegate.swift */ = {isa = PBXFileReference; lastKnownFileType = sourcecode.swift; path = AppDelegate.swift; sourceTree = "<group>"; };
		D027BBCF29E93764005572C2 /* SceneDelegate.swift */ = {isa = PBXFileReference; lastKnownFileType = sourcecode.swift; path = SceneDelegate.swift; sourceTree = "<group>"; };
		D027BBD129E93764005572C2 /* ProfileViewController.swift */ = {isa = PBXFileReference; lastKnownFileType = sourcecode.swift; path = ProfileViewController.swift; sourceTree = "<group>"; };
		D027BBD429E93764005572C2 /* Base */ = {isa = PBXFileReference; lastKnownFileType = file.storyboard; name = Base; path = Base.lproj/Main.storyboard; sourceTree = "<group>"; };
		D027BBD629E93765005572C2 /* Assets.xcassets */ = {isa = PBXFileReference; lastKnownFileType = folder.assetcatalog; path = Assets.xcassets; sourceTree = "<group>"; };
		D027BBD929E93765005572C2 /* Base */ = {isa = PBXFileReference; lastKnownFileType = file.storyboard; name = Base; path = Base.lproj/LaunchScreen.storyboard; sourceTree = "<group>"; };
		D027BBDB29E93765005572C2 /* Info.plist */ = {isa = PBXFileReference; lastKnownFileType = text.plist.xml; path = Info.plist; sourceTree = "<group>"; };
		D027BBE129EA069D005572C2 /* MapViewController.swift */ = {isa = PBXFileReference; lastKnownFileType = sourcecode.swift; path = MapViewController.swift; sourceTree = "<group>"; };
		D027BBE329EA08FD005572C2 /* DetailsViewController.swift */ = {isa = PBXFileReference; lastKnownFileType = sourcecode.swift; path = DetailsViewController.swift; sourceTree = "<group>"; };
		D07B3BE62A2A60E100C7E21D /* NetworkService.swift */ = {isa = PBXFileReference; lastKnownFileType = sourcecode.swift; path = NetworkService.swift; sourceTree = "<group>"; };
		D07B3BEC2A2A68E500C7E21D /* ObservableObject.swift */ = {isa = PBXFileReference; lastKnownFileType = sourcecode.swift; path = ObservableObject.swift; sourceTree = "<group>"; };
		D093821C2A25C2FB003CAFCA /* CurrentUser.swift */ = {isa = PBXFileReference; lastKnownFileType = sourcecode.swift; path = CurrentUser.swift; sourceTree = "<group>"; };
		D0A3B8BF2A2C63E700415023 /* GoogleService-Info.plist */ = {isa = PBXFileReference; fileEncoding = 4; lastKnownFileType = text.plist.xml; path = "GoogleService-Info.plist"; sourceTree = "<group>"; };
/* End PBXFileReference section */

/* Begin PBXFrameworksBuildPhase section */
		D027BBC729E93764005572C2 /* Frameworks */ = {
			isa = PBXFrameworksBuildPhase;
			buildActionMask = 2147483647;
			files = (
				D0A3B8C32A2C653B00415023 /* FirebaseAuth in Frameworks */,
				D0A3B8C52A2C653B00415023 /* FirebaseFirestore in Frameworks */,
			);
			runOnlyForDeploymentPostprocessing = 0;
		};
/* End PBXFrameworksBuildPhase section */

/* Begin PBXGroup section */
		D0124AAA2A012FD400D2E725 /* MapView */ = {
			isa = PBXGroup;
			children = (
				D027BBE129EA069D005572C2 /* MapViewController.swift */,
				D0124AA62A012EFC00D2E725 /* PinData.swift */,
				D0124AA82A012F7B00D2E725 /* Person.swift */,
				D0124AAB2A01300900D2E725 /* MapViewModel.swift */,
			);
			path = MapView;
			sourceTree = "<group>";
		};
		D027BBC129E93764005572C2 = {
			isa = PBXGroup;
			children = (
				D027BBCC29E93764005572C2 /* WhatYouNeed */,
				D027BBCB29E93764005572C2 /* Products */,
			);
			sourceTree = "<group>";
		};
		D027BBCB29E93764005572C2 /* Products */ = {
			isa = PBXGroup;
			children = (
				D027BBCA29E93764005572C2 /* WhatYouNeed.app */,
			);
			name = Products;
			sourceTree = "<group>";
		};
		D027BBCC29E93764005572C2 /* WhatYouNeed */ = {
			isa = PBXGroup;
			children = (
				D07B3BEA2A2A663F00C7E21D /* Helpers */,
				D07B3BE82A2A661100C7E21D /* Network */,
				D07B3BE92A2A663200C7E21D /* Controllers */,
				D07B3BEB2A2A665F00C7E21D /* Local */,
				D027BBD329E93764005572C2 /* Main.storyboard */,
				D027BBD629E93765005572C2 /* Assets.xcassets */,
				D027BBD829E93765005572C2 /* LaunchScreen.storyboard */,
				D027BBDB29E93765005572C2 /* Info.plist */,
				D0A3B8BF2A2C63E700415023 /* GoogleService-Info.plist */,
			);
			path = WhatYouNeed;
			sourceTree = "<group>";
		};
		D07B3BE82A2A661100C7E21D /* Network */ = {
			isa = PBXGroup;
			children = (
				D07B3BE62A2A60E100C7E21D /* NetworkService.swift */,
			);
			path = Network;
			sourceTree = "<group>";
		};
		D07B3BE92A2A663200C7E21D /* Controllers */ = {
			isa = PBXGroup;
			children = (
				D0124AAA2A012FD400D2E725 /* MapView */,
				D0124AAD2A02445A00D2E725 /* TabBarController.swift */,
				D027BBD129E93764005572C2 /* ProfileViewController.swift */,
				D027BBE329EA08FD005572C2 /* DetailsViewController.swift */,
			);
			path = Controllers;
			sourceTree = "<group>";
		};
		D07B3BEA2A2A663F00C7E21D /* Helpers */ = {
			isa = PBXGroup;
			children = (
				D027BBCD29E93764005572C2 /* AppDelegate.swift */,
				D027BBCF29E93764005572C2 /* SceneDelegate.swift */,
				D07B3BEC2A2A68E500C7E21D /* ObservableObject.swift */,
			);
			path = Helpers;
			sourceTree = "<group>";
		};
		D07B3BEB2A2A665F00C7E21D /* Local */ = {
			isa = PBXGroup;
			children = (
				D093821C2A25C2FB003CAFCA /* CurrentUser.swift */,
			);
			path = Local;
			sourceTree = "<group>";
		};
/* End PBXGroup section */

/* Begin PBXNativeTarget section */
		D027BBC929E93764005572C2 /* WhatYouNeed */ = {
			isa = PBXNativeTarget;
			buildConfigurationList = D027BBDE29E93765005572C2 /* Build configuration list for PBXNativeTarget "WhatYouNeed" */;
			buildPhases = (
				D027BBC629E93764005572C2 /* Sources */,
				D027BBC729E93764005572C2 /* Frameworks */,
				D027BBC829E93764005572C2 /* Resources */,
			);
			buildRules = (
			);
			dependencies = (
			);
			name = WhatYouNeed;
			packageProductDependencies = (
				D0A3B8C22A2C653B00415023 /* FirebaseAuth */,
				D0A3B8C42A2C653B00415023 /* FirebaseFirestore */,
			);
			productName = WhatYouNeed;
			productReference = D027BBCA29E93764005572C2 /* WhatYouNeed.app */;
			productType = "com.apple.product-type.application";
		};
/* End PBXNativeTarget section */

/* Begin PBXProject section */
		D027BBC229E93764005572C2 /* Project object */ = {
			isa = PBXProject;
			attributes = {
				BuildIndependentTargetsInParallel = 1;
				LastSwiftUpdateCheck = 1430;
				LastUpgradeCheck = 1430;
				TargetAttributes = {
					D027BBC929E93764005572C2 = {
						CreatedOnToolsVersion = 14.3;
					};
				};
			};
			buildConfigurationList = D027BBC529E93764005572C2 /* Build configuration list for PBXProject "WhatYouNeed" */;
			compatibilityVersion = "Xcode 14.0";
			developmentRegion = en;
			hasScannedForEncodings = 0;
			knownRegions = (
				en,
				Base,
			);
			mainGroup = D027BBC129E93764005572C2;
			packageReferences = (
				D0A3B8C12A2C653B00415023 /* XCRemoteSwiftPackageReference "firebase-ios-sdk" */,
			);
			productRefGroup = D027BBCB29E93764005572C2 /* Products */;
			projectDirPath = "";
			projectRoot = "";
			targets = (
				D027BBC929E93764005572C2 /* WhatYouNeed */,
			);
		};
/* End PBXProject section */

/* Begin PBXResourcesBuildPhase section */
		D027BBC829E93764005572C2 /* Resources */ = {
			isa = PBXResourcesBuildPhase;
			buildActionMask = 2147483647;
			files = (
				D027BBDA29E93765005572C2 /* LaunchScreen.storyboard in Resources */,
				D0A3B8C02A2C63E700415023 /* GoogleService-Info.plist in Resources */,
				D027BBD729E93765005572C2 /* Assets.xcassets in Resources */,
				D027BBD529E93764005572C2 /* Main.storyboard in Resources */,
			);
			runOnlyForDeploymentPostprocessing = 0;
		};
/* End PBXResourcesBuildPhase section */

/* Begin PBXSourcesBuildPhase section */
		D027BBC629E93764005572C2 /* Sources */ = {
			isa = PBXSourcesBuildPhase;
			buildActionMask = 2147483647;
			files = (
				D07B3BE72A2A60E100C7E21D /* NetworkService.swift in Sources */,
				D093821D2A25C2FB003CAFCA /* CurrentUser.swift in Sources */,
				D027BBD229E93764005572C2 /* ProfileViewController.swift in Sources */,
				D027BBCE29E93764005572C2 /* AppDelegate.swift in Sources */,
				D027BBD029E93764005572C2 /* SceneDelegate.swift in Sources */,
				D07B3BED2A2A68E500C7E21D /* ObservableObject.swift in Sources */,
				D0124AAE2A02445A00D2E725 /* TabBarController.swift in Sources */,
				D027BBE229EA069D005572C2 /* MapViewController.swift in Sources */,
				D0124AA92A012F7B00D2E725 /* Person.swift in Sources */,
				D027BBE429EA08FD005572C2 /* DetailsViewController.swift in Sources */,
				D0124AA72A012EFC00D2E725 /* PinData.swift in Sources */,
				D0124AAC2A01300900D2E725 /* MapViewModel.swift in Sources */,
			);
			runOnlyForDeploymentPostprocessing = 0;
		};
/* End PBXSourcesBuildPhase section */

/* Begin PBXVariantGroup section */
		D027BBD329E93764005572C2 /* Main.storyboard */ = {
			isa = PBXVariantGroup;
			children = (
				D027BBD429E93764005572C2 /* Base */,
			);
			name = Main.storyboard;
			sourceTree = "<group>";
		};
		D027BBD829E93765005572C2 /* LaunchScreen.storyboard */ = {
			isa = PBXVariantGroup;
			children = (
				D027BBD929E93765005572C2 /* Base */,
			);
			name = LaunchScreen.storyboard;
			sourceTree = "<group>";
		};
/* End PBXVariantGroup section */

/* Begin XCBuildConfiguration section */
		D027BBDC29E93765005572C2 /* Debug */ = {
			isa = XCBuildConfiguration;
			buildSettings = {
				ALWAYS_SEARCH_USER_PATHS = NO;
				CLANG_ANALYZER_NONNULL = YES;
				CLANG_ANALYZER_NUMBER_OBJECT_CONVERSION = YES_AGGRESSIVE;
				CLANG_CXX_LANGUAGE_STANDARD = "gnu++20";
				CLANG_ENABLE_MODULES = YES;
				CLANG_ENABLE_OBJC_ARC = YES;
				CLANG_ENABLE_OBJC_WEAK = YES;
				CLANG_WARN_BLOCK_CAPTURE_AUTORELEASING = YES;
				CLANG_WARN_BOOL_CONVERSION = YES;
				CLANG_WARN_COMMA = YES;
				CLANG_WARN_CONSTANT_CONVERSION = YES;
				CLANG_WARN_DEPRECATED_OBJC_IMPLEMENTATIONS = YES;
				CLANG_WARN_DIRECT_OBJC_ISA_USAGE = YES_ERROR;
				CLANG_WARN_DOCUMENTATION_COMMENTS = YES;
				CLANG_WARN_EMPTY_BODY = YES;
				CLANG_WARN_ENUM_CONVERSION = YES;
				CLANG_WARN_INFINITE_RECURSION = YES;
				CLANG_WARN_INT_CONVERSION = YES;
				CLANG_WARN_NON_LITERAL_NULL_CONVERSION = YES;
				CLANG_WARN_OBJC_IMPLICIT_RETAIN_SELF = YES;
				CLANG_WARN_OBJC_LITERAL_CONVERSION = YES;
				CLANG_WARN_OBJC_ROOT_CLASS = YES_ERROR;
				CLANG_WARN_QUOTED_INCLUDE_IN_FRAMEWORK_HEADER = YES;
				CLANG_WARN_RANGE_LOOP_ANALYSIS = YES;
				CLANG_WARN_STRICT_PROTOTYPES = YES;
				CLANG_WARN_SUSPICIOUS_MOVE = YES;
				CLANG_WARN_UNGUARDED_AVAILABILITY = YES_AGGRESSIVE;
				CLANG_WARN_UNREACHABLE_CODE = YES;
				CLANG_WARN__DUPLICATE_METHOD_MATCH = YES;
				COPY_PHASE_STRIP = NO;
				DEBUG_INFORMATION_FORMAT = dwarf;
				ENABLE_STRICT_OBJC_MSGSEND = YES;
				ENABLE_TESTABILITY = YES;
				GCC_C_LANGUAGE_STANDARD = gnu11;
				GCC_DYNAMIC_NO_PIC = NO;
				GCC_NO_COMMON_BLOCKS = YES;
				GCC_OPTIMIZATION_LEVEL = 0;
				GCC_PREPROCESSOR_DEFINITIONS = (
					"DEBUG=1",
					"$(inherited)",
				);
				GCC_WARN_64_TO_32_BIT_CONVERSION = YES;
				GCC_WARN_ABOUT_RETURN_TYPE = YES_ERROR;
				GCC_WARN_UNDECLARED_SELECTOR = YES;
				GCC_WARN_UNINITIALIZED_AUTOS = YES_AGGRESSIVE;
				GCC_WARN_UNUSED_FUNCTION = YES;
				GCC_WARN_UNUSED_VARIABLE = YES;
				IPHONEOS_DEPLOYMENT_TARGET = 16.4;
				MTL_ENABLE_DEBUG_INFO = INCLUDE_SOURCE;
				MTL_FAST_MATH = YES;
				ONLY_ACTIVE_ARCH = YES;
				SDKROOT = iphoneos;
				SWIFT_ACTIVE_COMPILATION_CONDITIONS = DEBUG;
				SWIFT_OPTIMIZATION_LEVEL = "-Onone";
			};
			name = Debug;
		};
		D027BBDD29E93765005572C2 /* Release */ = {
			isa = XCBuildConfiguration;
			buildSettings = {
				ALWAYS_SEARCH_USER_PATHS = NO;
				CLANG_ANALYZER_NONNULL = YES;
				CLANG_ANALYZER_NUMBER_OBJECT_CONVERSION = YES_AGGRESSIVE;
				CLANG_CXX_LANGUAGE_STANDARD = "gnu++20";
				CLANG_ENABLE_MODULES = YES;
				CLANG_ENABLE_OBJC_ARC = YES;
				CLANG_ENABLE_OBJC_WEAK = YES;
				CLANG_WARN_BLOCK_CAPTURE_AUTORELEASING = YES;
				CLANG_WARN_BOOL_CONVERSION = YES;
				CLANG_WARN_COMMA = YES;
				CLANG_WARN_CONSTANT_CONVERSION = YES;
				CLANG_WARN_DEPRECATED_OBJC_IMPLEMENTATIONS = YES;
				CLANG_WARN_DIRECT_OBJC_ISA_USAGE = YES_ERROR;
				CLANG_WARN_DOCUMENTATION_COMMENTS = YES;
				CLANG_WARN_EMPTY_BODY = YES;
				CLANG_WARN_ENUM_CONVERSION = YES;
				CLANG_WARN_INFINITE_RECURSION = YES;
				CLANG_WARN_INT_CONVERSION = YES;
				CLANG_WARN_NON_LITERAL_NULL_CONVERSION = YES;
				CLANG_WARN_OBJC_IMPLICIT_RETAIN_SELF = YES;
				CLANG_WARN_OBJC_LITERAL_CONVERSION = YES;
				CLANG_WARN_OBJC_ROOT_CLASS = YES_ERROR;
				CLANG_WARN_QUOTED_INCLUDE_IN_FRAMEWORK_HEADER = YES;
				CLANG_WARN_RANGE_LOOP_ANALYSIS = YES;
				CLANG_WARN_STRICT_PROTOTYPES = YES;
				CLANG_WARN_SUSPICIOUS_MOVE = YES;
				CLANG_WARN_UNGUARDED_AVAILABILITY = YES_AGGRESSIVE;
				CLANG_WARN_UNREACHABLE_CODE = YES;
				CLANG_WARN__DUPLICATE_METHOD_MATCH = YES;
				COPY_PHASE_STRIP = NO;
				DEBUG_INFORMATION_FORMAT = "dwarf-with-dsym";
				ENABLE_NS_ASSERTIONS = NO;
				ENABLE_STRICT_OBJC_MSGSEND = YES;
				GCC_C_LANGUAGE_STANDARD = gnu11;
				GCC_NO_COMMON_BLOCKS = YES;
				GCC_WARN_64_TO_32_BIT_CONVERSION = YES;
				GCC_WARN_ABOUT_RETURN_TYPE = YES_ERROR;
				GCC_WARN_UNDECLARED_SELECTOR = YES;
				GCC_WARN_UNINITIALIZED_AUTOS = YES_AGGRESSIVE;
				GCC_WARN_UNUSED_FUNCTION = YES;
				GCC_WARN_UNUSED_VARIABLE = YES;
				IPHONEOS_DEPLOYMENT_TARGET = 16.4;
				MTL_ENABLE_DEBUG_INFO = NO;
				MTL_FAST_MATH = YES;
				SDKROOT = iphoneos;
				SWIFT_COMPILATION_MODE = wholemodule;
				SWIFT_OPTIMIZATION_LEVEL = "-O";
				VALIDATE_PRODUCT = YES;
			};
			name = Release;
		};
		D027BBDF29E93765005572C2 /* Debug */ = {
			isa = XCBuildConfiguration;
			buildSettings = {
				ASSETCATALOG_COMPILER_APPICON_NAME = AppIcon;
				ASSETCATALOG_COMPILER_GLOBAL_ACCENT_COLOR_NAME = AccentColor;
				CODE_SIGN_STYLE = Automatic;
				CURRENT_PROJECT_VERSION = 1;
				GENERATE_INFOPLIST_FILE = YES;
				INFOPLIST_FILE = WhatYouNeed/Info.plist;
				INFOPLIST_KEY_UIApplicationSupportsIndirectInputEvents = YES;
				INFOPLIST_KEY_UILaunchStoryboardName = LaunchScreen;
				INFOPLIST_KEY_UIMainStoryboardFile = Main;
				INFOPLIST_KEY_UISupportedInterfaceOrientations_iPad = "UIInterfaceOrientationPortrait UIInterfaceOrientationPortraitUpsideDown UIInterfaceOrientationLandscapeLeft UIInterfaceOrientationLandscapeRight";
				INFOPLIST_KEY_UISupportedInterfaceOrientations_iPhone = "UIInterfaceOrientationPortrait UIInterfaceOrientationLandscapeLeft UIInterfaceOrientationLandscapeRight";
				IPHONEOS_DEPLOYMENT_TARGET = 13.0;
				LD_RUNPATH_SEARCH_PATHS = (
					"$(inherited)",
					"@executable_path/Frameworks",
				);
				MARKETING_VERSION = 1.0;
				PRODUCT_BUNDLE_IDENTIFIER = com.omerokumus.WhatYouNeed;
				PRODUCT_NAME = "$(TARGET_NAME)";
				SWIFT_EMIT_LOC_STRINGS = YES;
				SWIFT_VERSION = 5.0;
				TARGETED_DEVICE_FAMILY = "1,2";
			};
			name = Debug;
		};
		D027BBE029E93765005572C2 /* Release */ = {
			isa = XCBuildConfiguration;
			buildSettings = {
				ASSETCATALOG_COMPILER_APPICON_NAME = AppIcon;
				ASSETCATALOG_COMPILER_GLOBAL_ACCENT_COLOR_NAME = AccentColor;
				CODE_SIGN_STYLE = Automatic;
				CURRENT_PROJECT_VERSION = 1;
				GENERATE_INFOPLIST_FILE = YES;
				INFOPLIST_FILE = WhatYouNeed/Info.plist;
				INFOPLIST_KEY_UIApplicationSupportsIndirectInputEvents = YES;
				INFOPLIST_KEY_UILaunchStoryboardName = LaunchScreen;
				INFOPLIST_KEY_UIMainStoryboardFile = Main;
				INFOPLIST_KEY_UISupportedInterfaceOrientations_iPad = "UIInterfaceOrientationPortrait UIInterfaceOrientationPortraitUpsideDown UIInterfaceOrientationLandscapeLeft UIInterfaceOrientationLandscapeRight";
				INFOPLIST_KEY_UISupportedInterfaceOrientations_iPhone = "UIInterfaceOrientationPortrait UIInterfaceOrientationLandscapeLeft UIInterfaceOrientationLandscapeRight";
				IPHONEOS_DEPLOYMENT_TARGET = 13.0;
				LD_RUNPATH_SEARCH_PATHS = (
					"$(inherited)",
					"@executable_path/Frameworks",
				);
				MARKETING_VERSION = 1.0;
				PRODUCT_BUNDLE_IDENTIFIER = com.omerokumus.WhatYouNeed;
				PRODUCT_NAME = "$(TARGET_NAME)";
				SWIFT_EMIT_LOC_STRINGS = YES;
				SWIFT_VERSION = 5.0;
				TARGETED_DEVICE_FAMILY = "1,2";
			};
			name = Release;
		};
/* End XCBuildConfiguration section */

/* Begin XCConfigurationList section */
		D027BBC529E93764005572C2 /* Build configuration list for PBXProject "WhatYouNeed" */ = {
			isa = XCConfigurationList;
			buildConfigurations = (
				D027BBDC29E93765005572C2 /* Debug */,
				D027BBDD29E93765005572C2 /* Release */,
			);
			defaultConfigurationIsVisible = 0;
			defaultConfigurationName = Release;
		};
		D027BBDE29E93765005572C2 /* Build configuration list for PBXNativeTarget "WhatYouNeed" */ = {
			isa = XCConfigurationList;
			buildConfigurations = (
				D027BBDF29E93765005572C2 /* Debug */,
				D027BBE029E93765005572C2 /* Release */,
			);
			defaultConfigurationIsVisible = 0;
			defaultConfigurationName = Release;
		};
/* End XCConfigurationList section */

/* Begin XCRemoteSwiftPackageReference section */
		D0A3B8C12A2C653B00415023 /* XCRemoteSwiftPackageReference "firebase-ios-sdk" */ = {
			isa = XCRemoteSwiftPackageReference;
			repositoryURL = "https://github.com/firebase/firebase-ios-sdk";
			requirement = {
				kind = upToNextMajorVersion;
				minimumVersion = 10.0.0;
			};
		};
/* End XCRemoteSwiftPackageReference section */

/* Begin XCSwiftPackageProductDependency section */
		D0A3B8C22A2C653B00415023 /* FirebaseAuth */ = {
			isa = XCSwiftPackageProductDependency;
			package = D0A3B8C12A2C653B00415023 /* XCRemoteSwiftPackageReference "firebase-ios-sdk" */;
			productName = FirebaseAuth;
		};
		D0A3B8C42A2C653B00415023 /* FirebaseFirestore */ = {
			isa = XCSwiftPackageProductDependency;
			package = D0A3B8C12A2C653B00415023 /* XCRemoteSwiftPackageReference "firebase-ios-sdk" */;
			productName = FirebaseFirestore;
		};
/* End XCSwiftPackageProductDependency section */
	};
	rootObject = D027BBC229E93764005572C2 /* Project object */;
}
